
Microsoft Visual Studio Solution File, Format Version 12.00
# Visual Studio Version 16
VisualStudioVersion = 16.0.30011.22
MinimumVisualStudioVersion = 10.0.40219.1
Project("{8BC9CEB8-8B4A-11D0-8D11-00A0C91BC942}") = "DistributionChain", "DistributionChain.vcxproj", "{E3E06572-DF62-4359-85D6-69CF9E3B99ED}"
EndProject
Global
	GlobalSection(SolutionConfigurationPlatforms) = preSolution
		Debug|x64 = Debug|x64
		Debug|x86 = Debug|x86
		Release|x64 = Release|x64
		Release|x86 = Release|x86
	EndGlobalSection
	GlobalSection(ProjectConfigurationPlatforms) = postSolution
		{E3E06572-DF62-4359-85D6-69CF9E3B99ED}.Debug|x64.ActiveCfg = Debug|x64
		{E3E06572-DF62-4359-85D6-69CF9E3B99ED}.Debug|x64.Build.0 = Debug|x64
		{E3E06572-DF62-4359-85D6-69CF9E3B99ED}.Debug|x86.ActiveCfg = Debug|Win32
		{E3E06572-DF62-4359-85D6-69CF9E3B99ED}.Debug|x86.Build.0 = Debug|Win32
		{E3E06572-DF62-4359-85D6-69CF9E3B99ED}.Release|x64.ActiveCfg = Release|x64
		{E3E06572-DF62-4359-85D6-69CF9E3B99ED}.Release|x64.Build.0 = Release|x64
		{E3E06572-DF62-4359-85D6-69CF9E3B99ED}.Release|x86.ActiveCfg = Release|Win32
		{E3E06572-DF62-4359-85D6-69CF9E3B99ED}.Release|x86.Build.0 = Release|Win32
	EndGlobalSection
	GlobalSection(SolutionProperties) = preSolution
		HideSolutionNode = FALSE
	EndGlobalSection
	GlobalSection(ExtensibilityGlobals) = postSolution
		SolutionGuid = {E1F65EDA-8CDF-4FA2-BFF7-CD760F3126D9}
	EndGlobalSection
EndGlobal
